
Microsoft Visual Studio Solution File, Format Version 12.00
Project("{FAE04EC0-301F-11D3-BF4B-00C04F79EFBC}") = "Ejercicio13_SergioVilca", "Ejercicio13_SergioVilca\Ejercicio13_SergioVilca.csproj", "{1C3F0AD9-9351-45C9-BE30-E943C9F3A35B}"
EndProject
Project("{FAE04EC0-301F-11D3-BF4B-00C04F79EFBC}") = "Domain", "Domain\Domain.csproj", "{10820B19-BA52-43D1-A402-3D6351335764}"
EndProject
Project("{FAE04EC0-301F-11D3-BF4B-00C04F79EFBC}") = "Application", "Application\Application.csproj", "{4B7194C8-0E2C-44B9-927F-C63A7C98DB76}"
EndProject
Project("{FAE04EC0-301F-11D3-BF4B-00C04F79EFBC}") = "Infrastructure", "Infrastructure\Infrastructure.csproj", "{F679BB7C-1612-4571-8FBC-11D7E1B09CA3}"
EndProject
Project("{2150E333-8FDC-42A3-9474-1A3956D46DE8}") = ".github", ".github", "{824B8217-2B9F-4AAD-86F0-C42BBF6F75DE}"
EndProject
Project("{2150E333-8FDC-42A3-9474-1A3956D46DE8}") = "workflows", "workflows", "{9CBC07CD-C812-43BF-AA8D-465173485933}"
EndProject
Global
	GlobalSection(SolutionConfigurationPlatforms) = preSolution
		Debug|Any CPU = Debug|Any CPU
		Release|Any CPU = Release|Any CPU
	EndGlobalSection
	GlobalSection(ProjectConfigurationPlatforms) = postSolution
		{1C3F0AD9-9351-45C9-BE30-E943C9F3A35B}.Debug|Any CPU.ActiveCfg = Debug|Any CPU
		{1C3F0AD9-9351-45C9-BE30-E943C9F3A35B}.Debug|Any CPU.Build.0 = Debug|Any CPU
		{1C3F0AD9-9351-45C9-BE30-E943C9F3A35B}.Release|Any CPU.ActiveCfg = Release|Any CPU
		{1C3F0AD9-9351-45C9-BE30-E943C9F3A35B}.Release|Any CPU.Build.0 = Release|Any CPU
		{10820B19-BA52-43D1-A402-3D6351335764}.Debug|Any CPU.ActiveCfg = Debug|Any CPU
		{10820B19-BA52-43D1-A402-3D6351335764}.Debug|Any CPU.Build.0 = Debug|Any CPU
		{10820B19-BA52-43D1-A402-3D6351335764}.Release|Any CPU.ActiveCfg = Release|Any CPU
		{10820B19-BA52-43D1-A402-3D6351335764}.Release|Any CPU.Build.0 = Release|Any CPU
		{4B7194C8-0E2C-44B9-927F-C63A7C98DB76}.Debug|Any CPU.ActiveCfg = Debug|Any CPU
		{4B7194C8-0E2C-44B9-927F-C63A7C98DB76}.Debug|Any CPU.Build.0 = Debug|Any CPU
		{4B7194C8-0E2C-44B9-927F-C63A7C98DB76}.Release|Any CPU.ActiveCfg = Release|Any CPU
		{4B7194C8-0E2C-44B9-927F-C63A7C98DB76}.Release|Any CPU.Build.0 = Release|Any CPU
		{F679BB7C-1612-4571-8FBC-11D7E1B09CA3}.Debug|Any CPU.ActiveCfg = Debug|Any CPU
		{F679BB7C-1612-4571-8FBC-11D7E1B09CA3}.Debug|Any CPU.Build.0 = Debug|Any CPU
		{F679BB7C-1612-4571-8FBC-11D7E1B09CA3}.Release|Any CPU.ActiveCfg = Release|Any CPU
		{F679BB7C-1612-4571-8FBC-11D7E1B09CA3}.Release|Any CPU.Build.0 = Release|Any CPU
	EndGlobalSection
	GlobalSection(NestedProjects) = preSolution
		{9CBC07CD-C812-43BF-AA8D-465173485933} = {824B8217-2B9F-4AAD-86F0-C42BBF6F75DE}
	EndGlobalSection
EndGlobal
